// !$*UTF8*$!
{
	archiveVersion = 1;
	classes = {
	};
	objectVersion = 55;
	objects = {

/* Begin PBXBuildFile section */
		042921AD2789AFA900A04895 /* CustomNavBar.swift in Sources */ = {isa = PBXBuildFile; fileRef = 042921AC2789AFA900A04895 /* CustomNavBar.swift */; };
		042921B3278AF2EA00A04895 /* CustomPlayerView.swift in Sources */ = {isa = PBXBuildFile; fileRef = 042921B2278AF2EA00A04895 /* CustomPlayerView.swift */; };
		04C70220270E2A9300FF8A27 /* AppDelegate.swift in Sources */ = {isa = PBXBuildFile; fileRef = 04C7021F270E2A9300FF8A27 /* AppDelegate.swift */; };
		04C70222270E2A9300FF8A27 /* SceneDelegate.swift in Sources */ = {isa = PBXBuildFile; fileRef = 04C70221270E2A9300FF8A27 /* SceneDelegate.swift */; };
		04C70224270E2A9300FF8A27 /* HomeViewController.swift in Sources */ = {isa = PBXBuildFile; fileRef = 04C70223270E2A9300FF8A27 /* HomeViewController.swift */; };
		04C70229270E2AA300FF8A27 /* Assets.xcassets in Resources */ = {isa = PBXBuildFile; fileRef = 04C70228270E2AA300FF8A27 /* Assets.xcassets */; };
		04C7022C270E2AA300FF8A27 /* LaunchScreen.storyboard in Resources */ = {isa = PBXBuildFile; fileRef = 04C7022A270E2AA300FF8A27 /* LaunchScreen.storyboard */; };
		04C70235270E2E6100FF8A27 /* CardViewModel.swift in Sources */ = {isa = PBXBuildFile; fileRef = 04C70234270E2E6000FF8A27 /* CardViewModel.swift */; };
		04C7023A270E2E6E00FF8A27 /* NSAttributedString + Extension.swift in Sources */ = {isa = PBXBuildFile; fileRef = 04C70237270E2E6E00FF8A27 /* NSAttributedString + Extension.swift */; };
		04C7023B270E2E6E00FF8A27 /* UIView + Extension.swift in Sources */ = {isa = PBXBuildFile; fileRef = 04C70238270E2E6E00FF8A27 /* UIView + Extension.swift */; };
		04C7023C270E2E6E00FF8A27 /* NSTextAttachment + Extension.swift in Sources */ = {isa = PBXBuildFile; fileRef = 04C70239270E2E6E00FF8A27 /* NSTextAttachment + Extension.swift */; };
		04C7023F270E36E900FF8A27 /* HomeViewControllerScreen.swift in Sources */ = {isa = PBXBuildFile; fileRef = 04C7023E270E36E900FF8A27 /* HomeViewControllerScreen.swift */; };
		04C70243270E415800FF8A27 /* CardViewTableViewCell.swift in Sources */ = {isa = PBXBuildFile; fileRef = 04C70242270E415800FF8A27 /* CardViewTableViewCell.swift */; };
		04C70246270E476500FF8A27 /* CustomCardView.swift in Sources */ = {isa = PBXBuildFile; fileRef = 04C70245270E476500FF8A27 /* CustomCardView.swift */; };
		04D697082774DEF4002DE657 /* CardActionView.swift in Sources */ = {isa = PBXBuildFile; fileRef = 04D697072774DEF4002DE657 /* CardActionView.swift */; };
		04D6970B277569FA002DE657 /* DetailViewController.swift in Sources */ = {isa = PBXBuildFile; fileRef = 04D6970A277569FA002DE657 /* DetailViewController.swift */; };
		04D6970E27756A3D002DE657 /* DetailViewControllerScreen.swift in Sources */ = {isa = PBXBuildFile; fileRef = 04D6970D27756A3D002DE657 /* DetailViewControllerScreen.swift */; };
		04D69717277DA6F3002DE657 /* DetailTableViewCell.swift in Sources */ = {isa = PBXBuildFile; fileRef = 04D69716277DA6F3002DE657 /* DetailTableViewCell.swift */; };
		04D6971A277DA777002DE657 /* DetailTableViewCellScreen.swift in Sources */ = {isa = PBXBuildFile; fileRef = 04D69719277DA777002DE657 /* DetailTableViewCellScreen.swift */; };
		9C04CB2ED048D4284D2D9B9B /* Pods_AppMusicBF.framework in Frameworks */ = {isa = PBXBuildFile; fileRef = B9F7D133CE2FC149998D07F2 /* Pods_AppMusicBF.framework */; };
		C48076D6296B57BF00A61C49 /* testElements.storyboard in Resources */ = {isa = PBXBuildFile; fileRef = C48076D5296B57BF00A61C49 /* testElements.storyboard */; };
		C48076D8296B61D500A61C49 /* MusicTypeCollectionViewCell.swift in Sources */ = {isa = PBXBuildFile; fileRef = C48076D7296B61D500A61C49 /* MusicTypeCollectionViewCell.swift */; };
		C48076DB296B6FA600A61C49 /* LibraryViewController.swift in Sources */ = {isa = PBXBuildFile; fileRef = C48076DA296B6FA600A61C49 /* LibraryViewController.swift */; };
		C48076F0296C34F600A61C49 /* ListMusicsTableViewCell.swift in Sources */ = {isa = PBXBuildFile; fileRef = C48076EF296C34F600A61C49 /* ListMusicsTableViewCell.swift */; };
		C48076F3296C385600A61C49 /* ListMusicsScreen.swift in Sources */ = {isa = PBXBuildFile; fileRef = C48076F2296C385600A61C49 /* ListMusicsScreen.swift */; };
		C48076F6296C3B4000A61C49 /* MusicTypeScreen.swift in Sources */ = {isa = PBXBuildFile; fileRef = C48076F5296C3B4000A61C49 /* MusicTypeScreen.swift */; };
		C48076FC296C3D9200A61C49 /* MusicCollectionViewCell.swift in Sources */ = {isa = PBXBuildFile; fileRef = C48076FB296C3D9200A61C49 /* MusicCollectionViewCell.swift */; };
		C48076FF296C982B00A61C49 /* MusicScreen.swift in Sources */ = {isa = PBXBuildFile; fileRef = C48076FE296C982B00A61C49 /* MusicScreen.swift */; };
		C4807701296C9A3D00A61C49 /* Music.swift in Sources */ = {isa = PBXBuildFile; fileRef = C4807700296C9A3D00A61C49 /* Music.swift */; };
		C4807704296CAF9900A61C49 /* MusicDetailsViewController.swift in Sources */ = {isa = PBXBuildFile; fileRef = C4807703296CAF9900A61C49 /* MusicDetailsViewController.swift */; };
		C4AA52992967986A00D31466 /* RootViewController.swift in Sources */ = {isa = PBXBuildFile; fileRef = C4AA52982967986A00D31466 /* RootViewController.swift */; };
		C4AA529E29679A1C00D31466 /* RootScreen.swift in Sources */ = {isa = PBXBuildFile; fileRef = C4AA529D29679A1C00D31466 /* RootScreen.swift */; };
		C4EB9A78296CCB5900573D9C /* MusicDetailsScreen.swift in Sources */ = {isa = PBXBuildFile; fileRef = C4EB9A77296CCB5900573D9C /* MusicDetailsScreen.swift */; };
		C4EB9A7C296CD1FE00573D9C /* GradientView.swift in Sources */ = {isa = PBXBuildFile; fileRef = C4EB9A7B296CD1FE00573D9C /* GradientView.swift */; };
/* End PBXBuildFile section */

/* Begin PBXFileReference section */
		042921AC2789AFA900A04895 /* CustomNavBar.swift */ = {isa = PBXFileReference; lastKnownFileType = sourcecode.swift; path = CustomNavBar.swift; sourceTree = "<group>"; };
		042921B2278AF2EA00A04895 /* CustomPlayerView.swift */ = {isa = PBXFileReference; lastKnownFileType = sourcecode.swift; path = CustomPlayerView.swift; sourceTree = "<group>"; };
		04C7021C270E2A9200FF8A27 /* AppMusicBF.app */ = {isa = PBXFileReference; explicitFileType = wrapper.application; includeInIndex = 0; path = AppMusicBF.app; sourceTree = BUILT_PRODUCTS_DIR; };
		04C7021F270E2A9300FF8A27 /* AppDelegate.swift */ = {isa = PBXFileReference; lastKnownFileType = sourcecode.swift; path = AppDelegate.swift; sourceTree = "<group>"; };
		04C70221270E2A9300FF8A27 /* SceneDelegate.swift */ = {isa = PBXFileReference; lastKnownFileType = sourcecode.swift; path = SceneDelegate.swift; sourceTree = "<group>"; };
		04C70223270E2A9300FF8A27 /* HomeViewController.swift */ = {isa = PBXFileReference; lastKnownFileType = sourcecode.swift; path = HomeViewController.swift; sourceTree = "<group>"; };
		04C70228270E2AA300FF8A27 /* Assets.xcassets */ = {isa = PBXFileReference; lastKnownFileType = folder.assetcatalog; path = Assets.xcassets; sourceTree = "<group>"; };
		04C7022B270E2AA300FF8A27 /* Base */ = {isa = PBXFileReference; lastKnownFileType = file.storyboard; name = Base; path = Base.lproj/LaunchScreen.storyboard; sourceTree = "<group>"; };
		04C7022D270E2AA300FF8A27 /* Info.plist */ = {isa = PBXFileReference; lastKnownFileType = text.plist.xml; path = Info.plist; sourceTree = "<group>"; };
		04C70234270E2E6000FF8A27 /* CardViewModel.swift */ = {isa = PBXFileReference; fileEncoding = 4; lastKnownFileType = sourcecode.swift; path = CardViewModel.swift; sourceTree = "<group>"; };
		04C70237270E2E6E00FF8A27 /* NSAttributedString + Extension.swift */ = {isa = PBXFileReference; fileEncoding = 4; lastKnownFileType = sourcecode.swift; path = "NSAttributedString + Extension.swift"; sourceTree = "<group>"; };
		04C70238270E2E6E00FF8A27 /* UIView + Extension.swift */ = {isa = PBXFileReference; fileEncoding = 4; lastKnownFileType = sourcecode.swift; path = "UIView + Extension.swift"; sourceTree = "<group>"; };
		04C70239270E2E6E00FF8A27 /* NSTextAttachment + Extension.swift */ = {isa = PBXFileReference; fileEncoding = 4; lastKnownFileType = sourcecode.swift; path = "NSTextAttachment + Extension.swift"; sourceTree = "<group>"; };
		04C7023E270E36E900FF8A27 /* HomeViewControllerScreen.swift */ = {isa = PBXFileReference; lastKnownFileType = sourcecode.swift; path = HomeViewControllerScreen.swift; sourceTree = "<group>"; };
		04C70242270E415800FF8A27 /* CardViewTableViewCell.swift */ = {isa = PBXFileReference; lastKnownFileType = sourcecode.swift; path = CardViewTableViewCell.swift; sourceTree = "<group>"; };
		04C70245270E476500FF8A27 /* CustomCardView.swift */ = {isa = PBXFileReference; lastKnownFileType = sourcecode.swift; path = CustomCardView.swift; sourceTree = "<group>"; };
		04D697072774DEF4002DE657 /* CardActionView.swift */ = {isa = PBXFileReference; lastKnownFileType = sourcecode.swift; path = CardActionView.swift; sourceTree = "<group>"; };
		04D6970A277569FA002DE657 /* DetailViewController.swift */ = {isa = PBXFileReference; lastKnownFileType = sourcecode.swift; path = DetailViewController.swift; sourceTree = "<group>"; };
		04D6970D27756A3D002DE657 /* DetailViewControllerScreen.swift */ = {isa = PBXFileReference; lastKnownFileType = sourcecode.swift; path = DetailViewControllerScreen.swift; sourceTree = "<group>"; };
		04D69716277DA6F3002DE657 /* DetailTableViewCell.swift */ = {isa = PBXFileReference; lastKnownFileType = sourcecode.swift; path = DetailTableViewCell.swift; sourceTree = "<group>"; };
		04D69719277DA777002DE657 /* DetailTableViewCellScreen.swift */ = {isa = PBXFileReference; lastKnownFileType = sourcecode.swift; path = DetailTableViewCellScreen.swift; sourceTree = "<group>"; };
		44ECCF059A83E3E6AE630834 /* Pods-AppMusicBF.debug.xcconfig */ = {isa = PBXFileReference; includeInIndex = 1; lastKnownFileType = text.xcconfig; name = "Pods-AppMusicBF.debug.xcconfig"; path = "Target Support Files/Pods-AppMusicBF/Pods-AppMusicBF.debug.xcconfig"; sourceTree = "<group>"; };
		62B7D7BF86D3D21C3A599AF9 /* Pods-AppMusicBF.release.xcconfig */ = {isa = PBXFileReference; includeInIndex = 1; lastKnownFileType = text.xcconfig; name = "Pods-AppMusicBF.release.xcconfig"; path = "Target Support Files/Pods-AppMusicBF/Pods-AppMusicBF.release.xcconfig"; sourceTree = "<group>"; };
		B9F7D133CE2FC149998D07F2 /* Pods_AppMusicBF.framework */ = {isa = PBXFileReference; explicitFileType = wrapper.framework; includeInIndex = 0; path = Pods_AppMusicBF.framework; sourceTree = BUILT_PRODUCTS_DIR; };
		C48076D5296B57BF00A61C49 /* testElements.storyboard */ = {isa = PBXFileReference; lastKnownFileType = file.storyboard; path = testElements.storyboard; sourceTree = "<group>"; };
		C48076D7296B61D500A61C49 /* MusicTypeCollectionViewCell.swift */ = {isa = PBXFileReference; lastKnownFileType = sourcecode.swift; path = MusicTypeCollectionViewCell.swift; sourceTree = "<group>"; };
		C48076DA296B6FA600A61C49 /* LibraryViewController.swift */ = {isa = PBXFileReference; lastKnownFileType = sourcecode.swift; path = LibraryViewController.swift; sourceTree = "<group>"; };
		C48076EF296C34F600A61C49 /* ListMusicsTableViewCell.swift */ = {isa = PBXFileReference; lastKnownFileType = sourcecode.swift; path = ListMusicsTableViewCell.swift; sourceTree = "<group>"; };
		C48076F2296C385600A61C49 /* ListMusicsScreen.swift */ = {isa = PBXFileReference; lastKnownFileType = sourcecode.swift; path = ListMusicsScreen.swift; sourceTree = "<group>"; };
		C48076F5296C3B4000A61C49 /* MusicTypeScreen.swift */ = {isa = PBXFileReference; lastKnownFileType = sourcecode.swift; path = MusicTypeScreen.swift; sourceTree = "<group>"; };
		C48076FB296C3D9200A61C49 /* MusicCollectionViewCell.swift */ = {isa = PBXFileReference; lastKnownFileType = sourcecode.swift; path = MusicCollectionViewCell.swift; sourceTree = "<group>"; };
		C48076FE296C982B00A61C49 /* MusicScreen.swift */ = {isa = PBXFileReference; lastKnownFileType = sourcecode.swift; path = MusicScreen.swift; sourceTree = "<group>"; };
		C4807700296C9A3D00A61C49 /* Music.swift */ = {isa = PBXFileReference; lastKnownFileType = sourcecode.swift; path = Music.swift; sourceTree = "<group>"; };
		C4807703296CAF9900A61C49 /* MusicDetailsViewController.swift */ = {isa = PBXFileReference; lastKnownFileType = sourcecode.swift; path = MusicDetailsViewController.swift; sourceTree = "<group>"; };
		C4AA52982967986A00D31466 /* RootViewController.swift */ = {isa = PBXFileReference; lastKnownFileType = sourcecode.swift; path = RootViewController.swift; sourceTree = "<group>"; };
		C4AA529D29679A1C00D31466 /* RootScreen.swift */ = {isa = PBXFileReference; lastKnownFileType = sourcecode.swift; path = RootScreen.swift; sourceTree = "<group>"; };
		C4EB9A77296CCB5900573D9C /* MusicDetailsScreen.swift */ = {isa = PBXFileReference; lastKnownFileType = sourcecode.swift; path = MusicDetailsScreen.swift; sourceTree = "<group>"; };
		C4EB9A7B296CD1FE00573D9C /* GradientView.swift */ = {isa = PBXFileReference; lastKnownFileType = sourcecode.swift; path = GradientView.swift; sourceTree = "<group>"; };
/* End PBXFileReference section */

/* Begin PBXFrameworksBuildPhase section */
		04C70219270E2A9200FF8A27 /* Frameworks */ = {
			isa = PBXFrameworksBuildPhase;
			buildActionMask = 2147483647;
			files = (
				9C04CB2ED048D4284D2D9B9B /* Pods_AppMusicBF.framework in Frameworks */,
			);
			runOnlyForDeploymentPostprocessing = 0;
		};
/* End PBXFrameworksBuildPhase section */

/* Begin PBXGroup section */
		04C70213270E2A9200FF8A27 = {
			isa = PBXGroup;
			children = (
				04C7021E270E2A9200FF8A27 /* AppMusicBF */,
				04C7021D270E2A9200FF8A27 /* Products */,
				76BB2B92D648148F6925B551 /* Pods */,
				09420B18BB15226DA8CC1675 /* Frameworks */,
			);
			sourceTree = "<group>";
		};
		04C7021D270E2A9200FF8A27 /* Products */ = {
			isa = PBXGroup;
			children = (
				04C7021C270E2A9200FF8A27 /* AppMusicBF.app */,
			);
			name = Products;
			sourceTree = "<group>";
		};
		04C7021E270E2A9200FF8A27 /* AppMusicBF */ = {
			isa = PBXGroup;
			children = (
				C4EB9A79296CD1C400573D9C /* Resources */,
				C4807702296CAF6C00A61C49 /* MusicDetails */,
				C48076D9296B6F8900A61C49 /* Library */,
				C4AA52972967985100D31466 /* Root */,
				04C70236270E2E6E00FF8A27 /* Extension */,
				04C70244270E473700FF8A27 /* CustomView */,
				04C70233270E2E6000FF8A27 /* Model */,
				04C7023D270E367B00FF8A27 /* Home */,
				04C70241270E411200FF8A27 /* Cell */,
				04D69709277569E0002DE657 /* DetailViewController */,
				04C7021F270E2A9300FF8A27 /* AppDelegate.swift */,
				04C70221270E2A9300FF8A27 /* SceneDelegate.swift */,
				04C70228270E2AA300FF8A27 /* Assets.xcassets */,
				C48076D5296B57BF00A61C49 /* testElements.storyboard */,
				04C7022A270E2AA300FF8A27 /* LaunchScreen.storyboard */,
				04C7022D270E2AA300FF8A27 /* Info.plist */,
			);
			path = AppMusicBF;
			sourceTree = "<group>";
		};
		04C70233270E2E6000FF8A27 /* Model */ = {
			isa = PBXGroup;
			children = (
				04C70234270E2E6000FF8A27 /* CardViewModel.swift */,
				C4807700296C9A3D00A61C49 /* Music.swift */,
			);
			path = Model;
			sourceTree = "<group>";
		};
		04C70236270E2E6E00FF8A27 /* Extension */ = {
			isa = PBXGroup;
			children = (
				04C70237270E2E6E00FF8A27 /* NSAttributedString + Extension.swift */,
				04C70238270E2E6E00FF8A27 /* UIView + Extension.swift */,
				04C70239270E2E6E00FF8A27 /* NSTextAttachment + Extension.swift */,
			);
			path = Extension;
			sourceTree = "<group>";
		};
		04C7023D270E367B00FF8A27 /* Home */ = {
			isa = PBXGroup;
			children = (
				04C70240270E370200FF8A27 /* Screen */,
				04C70223270E2A9300FF8A27 /* HomeViewController.swift */,
			);
			path = Home;
			sourceTree = "<group>";
		};
		04C70240270E370200FF8A27 /* Screen */ = {
			isa = PBXGroup;
			children = (
				04C7023E270E36E900FF8A27 /* HomeViewControllerScreen.swift */,
			);
			path = Screen;
			sourceTree = "<group>";
		};
		04C70241270E411200FF8A27 /* Cell */ = {
			isa = PBXGroup;
			children = (
				04C70242270E415800FF8A27 /* CardViewTableViewCell.swift */,
			);
			path = Cell;
			sourceTree = "<group>";
		};
		04C70244270E473700FF8A27 /* CustomView */ = {
			isa = PBXGroup;
			children = (
				04C70245270E476500FF8A27 /* CustomCardView.swift */,
				04D697072774DEF4002DE657 /* CardActionView.swift */,
				042921AC2789AFA900A04895 /* CustomNavBar.swift */,
				042921B2278AF2EA00A04895 /* CustomPlayerView.swift */,
			);
			path = CustomView;
			sourceTree = "<group>";
		};
		04D69709277569E0002DE657 /* DetailViewController */ = {
			isa = PBXGroup;
			children = (
				04D69715277DA6D1002DE657 /* Cell */,
				04D6970C27756A19002DE657 /* Screen */,
				04D6970A277569FA002DE657 /* DetailViewController.swift */,
			);
			path = DetailViewController;
			sourceTree = "<group>";
		};
		04D6970C27756A19002DE657 /* Screen */ = {
			isa = PBXGroup;
			children = (
				04D6970D27756A3D002DE657 /* DetailViewControllerScreen.swift */,
			);
			path = Screen;
			sourceTree = "<group>";
		};
		04D69715277DA6D1002DE657 /* Cell */ = {
			isa = PBXGroup;
			children = (
				04D69718277DA757002DE657 /* Screen */,
				04D69716277DA6F3002DE657 /* DetailTableViewCell.swift */,
			);
			path = Cell;
			sourceTree = "<group>";
		};
		04D69718277DA757002DE657 /* Screen */ = {
			isa = PBXGroup;
			children = (
				04D69719277DA777002DE657 /* DetailTableViewCellScreen.swift */,
			);
			path = Screen;
			sourceTree = "<group>";
		};
		09420B18BB15226DA8CC1675 /* Frameworks */ = {
			isa = PBXGroup;
			children = (
				B9F7D133CE2FC149998D07F2 /* Pods_AppMusicBF.framework */,
			);
			name = Frameworks;
			sourceTree = "<group>";
		};
		76BB2B92D648148F6925B551 /* Pods */ = {
			isa = PBXGroup;
			children = (
				44ECCF059A83E3E6AE630834 /* Pods-AppMusicBF.debug.xcconfig */,
				62B7D7BF86D3D21C3A599AF9 /* Pods-AppMusicBF.release.xcconfig */,
			);
			path = Pods;
			sourceTree = "<group>";
		};
		C48076D9296B6F8900A61C49 /* Library */ = {
			isa = PBXGroup;
			children = (
				C48076DA296B6FA600A61C49 /* LibraryViewController.swift */,
			);
			path = Library;
			sourceTree = "<group>";
		};
		C48076ED296C34B400A61C49 /* TableView */ = {
			isa = PBXGroup;
			children = (
				C48076F9296C3D5C00A61C49 /* ListMusicsCell */,
			);
			path = TableView;
			sourceTree = "<group>";
		};
		C48076EE296C34BA00A61C49 /* CollectionView */ = {
			isa = PBXGroup;
			children = (
				C48076FA296C3D7D00A61C49 /* MusicCell */,
				C48076F8296C3D4600A61C49 /* MusicTypeCell */,
			);
			path = CollectionView;
			sourceTree = "<group>";
		};
		C48076F1296C384200A61C49 /* Screen */ = {
			isa = PBXGroup;
			children = (
				C48076F2296C385600A61C49 /* ListMusicsScreen.swift */,
			);
			path = Screen;
			sourceTree = "<group>";
		};
		C48076F4296C3B2C00A61C49 /* Screen */ = {
			isa = PBXGroup;
			children = (
				C48076F5296C3B4000A61C49 /* MusicTypeScreen.swift */,
			);
			path = Screen;
			sourceTree = "<group>";
		};
		C48076F8296C3D4600A61C49 /* MusicTypeCell */ = {
			isa = PBXGroup;
			children = (
				C48076F4296C3B2C00A61C49 /* Screen */,
				C48076D7296B61D500A61C49 /* MusicTypeCollectionViewCell.swift */,
			);
			path = MusicTypeCell;
			sourceTree = "<group>";
		};
		C48076F9296C3D5C00A61C49 /* ListMusicsCell */ = {
			isa = PBXGroup;
			children = (
				C48076F1296C384200A61C49 /* Screen */,
				C48076EF296C34F600A61C49 /* ListMusicsTableViewCell.swift */,
			);
			path = ListMusicsCell;
			sourceTree = "<group>";
		};
		C48076FA296C3D7D00A61C49 /* MusicCell */ = {
			isa = PBXGroup;
			children = (
				C48076FD296C981600A61C49 /* Screen */,
				C48076FB296C3D9200A61C49 /* MusicCollectionViewCell.swift */,
			);
			path = MusicCell;
			sourceTree = "<group>";
		};
		C48076FD296C981600A61C49 /* Screen */ = {
			isa = PBXGroup;
			children = (
				C48076FE296C982B00A61C49 /* MusicScreen.swift */,
			);
			path = Screen;
			sourceTree = "<group>";
		};
		C4807702296CAF6C00A61C49 /* MusicDetails */ = {
			isa = PBXGroup;
			children = (
				C4807705296CC8E600A61C49 /* Screen */,
				C4807703296CAF9900A61C49 /* MusicDetailsViewController.swift */,
			);
			path = MusicDetails;
			sourceTree = "<group>";
		};
		C4807705296CC8E600A61C49 /* Screen */ = {
			isa = PBXGroup;
			children = (
				C4EB9A77296CCB5900573D9C /* MusicDetailsScreen.swift */,
			);
			path = Screen;
			sourceTree = "<group>";
		};
		C4AA52972967985100D31466 /* Root */ = {
			isa = PBXGroup;
			children = (
				C4AA529B296799BE00D31466 /* Cells */,
				C4AA529A296799B000D31466 /* Screen */,
				C4AA52982967986A00D31466 /* RootViewController.swift */,
			);
			path = Root;
			sourceTree = "<group>";
		};
		C4AA529A296799B000D31466 /* Screen */ = {
			isa = PBXGroup;
			children = (
				C4AA529D29679A1C00D31466 /* RootScreen.swift */,
			);
			path = Screen;
			sourceTree = "<group>";
		};
		C4AA529B296799BE00D31466 /* Cells */ = {
			isa = PBXGroup;
			children = (
				C48076EE296C34BA00A61C49 /* CollectionView */,
				C48076ED296C34B400A61C49 /* TableView */,
			);
			path = Cells;
			sourceTree = "<group>";
		};
		C4EB9A79296CD1C400573D9C /* Resources */ = {
			isa = PBXGroup;
			children = (
				C4EB9A7A296CD1CA00573D9C /* Designables */,
			);
			path = Resources;
			sourceTree = "<group>";
		};
		C4EB9A7A296CD1CA00573D9C /* Designables */ = {
			isa = PBXGroup;
			children = (
				C4EB9A7B296CD1FE00573D9C /* GradientView.swift */,
			);
			path = Designables;
			sourceTree = "<group>";
		};
/* End PBXGroup section */

/* Begin PBXNativeTarget section */
		04C7021B270E2A9200FF8A27 /* AppMusicBF */ = {
			isa = PBXNativeTarget;
			buildConfigurationList = 04C70230270E2AA300FF8A27 /* Build configuration list for PBXNativeTarget "AppMusicBF" */;
			buildPhases = (
				5EB0237A8AA85155DE3ECAA0 /* [CP] Check Pods Manifest.lock */,
				04C70218270E2A9200FF8A27 /* Sources */,
				04C70219270E2A9200FF8A27 /* Frameworks */,
				04C7021A270E2A9200FF8A27 /* Resources */,
				ADDD3A796720ED63EAF9CB68 /* [CP] Embed Pods Frameworks */,
			);
			buildRules = (
			);
			dependencies = (
			);
			name = AppMusicBF;
			productName = AppMusicBF;
			productReference = 04C7021C270E2A9200FF8A27 /* AppMusicBF.app */;
			productType = "com.apple.product-type.application";
		};
/* End PBXNativeTarget section */

/* Begin PBXProject section */
		04C70214270E2A9200FF8A27 /* Project object */ = {
			isa = PBXProject;
			attributes = {
				BuildIndependentTargetsInParallel = 1;
				LastSwiftUpdateCheck = 1300;
				LastUpgradeCheck = 1300;
				TargetAttributes = {
					04C7021B270E2A9200FF8A27 = {
						CreatedOnToolsVersion = 13.0;
					};
				};
			};
			buildConfigurationList = 04C70217270E2A9200FF8A27 /* Build configuration list for PBXProject "AppMusicBF" */;
			compatibilityVersion = "Xcode 13.0";
			developmentRegion = en;
			hasScannedForEncodings = 0;
			knownRegions = (
				en,
				Base,
			);
			mainGroup = 04C70213270E2A9200FF8A27;
			productRefGroup = 04C7021D270E2A9200FF8A27 /* Products */;
			projectDirPath = "";
			projectRoot = "";
			targets = (
				04C7021B270E2A9200FF8A27 /* AppMusicBF */,
			);
		};
/* End PBXProject section */

/* Begin PBXResourcesBuildPhase section */
		04C7021A270E2A9200FF8A27 /* Resources */ = {
			isa = PBXResourcesBuildPhase;
			buildActionMask = 2147483647;
			files = (
				C48076D6296B57BF00A61C49 /* testElements.storyboard in Resources */,
				04C7022C270E2AA300FF8A27 /* LaunchScreen.storyboard in Resources */,
				04C70229270E2AA300FF8A27 /* Assets.xcassets in Resources */,
			);
			runOnlyForDeploymentPostprocessing = 0;
		};
/* End PBXResourcesBuildPhase section */

/* Begin PBXShellScriptBuildPhase section */
		5EB0237A8AA85155DE3ECAA0 /* [CP] Check Pods Manifest.lock */ = {
			isa = PBXShellScriptBuildPhase;
			buildActionMask = 2147483647;
			files = (
			);
			inputFileListPaths = (
			);
			inputPaths = (
				"${PODS_PODFILE_DIR_PATH}/Podfile.lock",
				"${PODS_ROOT}/Manifest.lock",
			);
			name = "[CP] Check Pods Manifest.lock";
			outputFileListPaths = (
			);
			outputPaths = (
				"$(DERIVED_FILE_DIR)/Pods-AppMusicBF-checkManifestLockResult.txt",
			);
			runOnlyForDeploymentPostprocessing = 0;
			shellPath = /bin/sh;
			shellScript = "diff \"${PODS_PODFILE_DIR_PATH}/Podfile.lock\" \"${PODS_ROOT}/Manifest.lock\" > /dev/null\nif [ $? != 0 ] ; then\n    # print error to STDERR\n    echo \"error: The sandbox is not in sync with the Podfile.lock. Run 'pod install' or update your CocoaPods installation.\" >&2\n    exit 1\nfi\n# This output is used by Xcode 'outputs' to avoid re-running this script phase.\necho \"SUCCESS\" > \"${SCRIPT_OUTPUT_FILE_0}\"\n";
			showEnvVarsInLog = 0;
		};
		ADDD3A796720ED63EAF9CB68 /* [CP] Embed Pods Frameworks */ = {
			isa = PBXShellScriptBuildPhase;
			buildActionMask = 2147483647;
			files = (
			);
			inputFileListPaths = (
				"${PODS_ROOT}/Target Support Files/Pods-AppMusicBF/Pods-AppMusicBF-frameworks-${CONFIGURATION}-input-files.xcfilelist",
			);
			name = "[CP] Embed Pods Frameworks";
			outputFileListPaths = (
				"${PODS_ROOT}/Target Support Files/Pods-AppMusicBF/Pods-AppMusicBF-frameworks-${CONFIGURATION}-output-files.xcfilelist",
			);
			runOnlyForDeploymentPostprocessing = 0;
			shellPath = /bin/sh;
			shellScript = "\"${PODS_ROOT}/Target Support Files/Pods-AppMusicBF/Pods-AppMusicBF-frameworks.sh\"\n";
			showEnvVarsInLog = 0;
		};
/* End PBXShellScriptBuildPhase section */

/* Begin PBXSourcesBuildPhase section */
		04C70218270E2A9200FF8A27 /* Sources */ = {
			isa = PBXSourcesBuildPhase;
			buildActionMask = 2147483647;
			files = (
				04D6970E27756A3D002DE657 /* DetailViewControllerScreen.swift in Sources */,
				04C70243270E415800FF8A27 /* CardViewTableViewCell.swift in Sources */,
				C4EB9A7C296CD1FE00573D9C /* GradientView.swift in Sources */,
				C4AA52992967986A00D31466 /* RootViewController.swift in Sources */,
				C48076F6296C3B4000A61C49 /* MusicTypeScreen.swift in Sources */,
				042921AD2789AFA900A04895 /* CustomNavBar.swift in Sources */,
				C48076DB296B6FA600A61C49 /* LibraryViewController.swift in Sources */,
				C4807704296CAF9900A61C49 /* MusicDetailsViewController.swift in Sources */,
				C48076FC296C3D9200A61C49 /* MusicCollectionViewCell.swift in Sources */,
				C48076F0296C34F600A61C49 /* ListMusicsTableViewCell.swift in Sources */,
				04D6971A277DA777002DE657 /* DetailTableViewCellScreen.swift in Sources */,
				04D69717277DA6F3002DE657 /* DetailTableViewCell.swift in Sources */,
				04C70235270E2E6100FF8A27 /* CardViewModel.swift in Sources */,
				C4AA529E29679A1C00D31466 /* RootScreen.swift in Sources */,
				042921B3278AF2EA00A04895 /* CustomPlayerView.swift in Sources */,
				C4EB9A78296CCB5900573D9C /* MusicDetailsScreen.swift in Sources */,
				04C7023F270E36E900FF8A27 /* HomeViewControllerScreen.swift in Sources */,
				C4807701296C9A3D00A61C49 /* Music.swift in Sources */,
				C48076D8296B61D500A61C49 /* MusicTypeCollectionViewCell.swift in Sources */,
				04D6970B277569FA002DE657 /* DetailViewController.swift in Sources */,
				04C70224270E2A9300FF8A27 /* HomeViewController.swift in Sources */,
				04C7023C270E2E6E00FF8A27 /* NSTextAttachment + Extension.swift in Sources */,
				04C7023B270E2E6E00FF8A27 /* UIView + Extension.swift in Sources */,
				04D697082774DEF4002DE657 /* CardActionView.swift in Sources */,
				04C70220270E2A9300FF8A27 /* AppDelegate.swift in Sources */,
				C48076FF296C982B00A61C49 /* MusicScreen.swift in Sources */,
				C48076F3296C385600A61C49 /* ListMusicsScreen.swift in Sources */,
				04C70246270E476500FF8A27 /* CustomCardView.swift in Sources */,
				04C7023A270E2E6E00FF8A27 /* NSAttributedString + Extension.swift in Sources */,
				04C70222270E2A9300FF8A27 /* SceneDelegate.swift in Sources */,
			);
			runOnlyForDeploymentPostprocessing = 0;
		};
/* End PBXSourcesBuildPhase section */

/* Begin PBXVariantGroup section */
		04C7022A270E2AA300FF8A27 /* LaunchScreen.storyboard */ = {
			isa = PBXVariantGroup;
			children = (
				04C7022B270E2AA300FF8A27 /* Base */,
			);
			name = LaunchScreen.storyboard;
			sourceTree = "<group>";
		};
/* End PBXVariantGroup section */

/* Begin XCBuildConfiguration section */
		04C7022E270E2AA300FF8A27 /* Debug */ = {
			isa = XCBuildConfiguration;
			buildSettings = {
				ALWAYS_SEARCH_USER_PATHS = NO;
				CLANG_ANALYZER_NONNULL = YES;
				CLANG_ANALYZER_NUMBER_OBJECT_CONVERSION = YES_AGGRESSIVE;
				CLANG_CXX_LANGUAGE_STANDARD = "gnu++17";
				CLANG_CXX_LIBRARY = "libc++";
				CLANG_ENABLE_MODULES = YES;
				CLANG_ENABLE_OBJC_ARC = YES;
				CLANG_ENABLE_OBJC_WEAK = YES;
				CLANG_WARN_BLOCK_CAPTURE_AUTORELEASING = YES;
				CLANG_WARN_BOOL_CONVERSION = YES;
				CLANG_WARN_COMMA = YES;
				CLANG_WARN_CONSTANT_CONVERSION = YES;
				CLANG_WARN_DEPRECATED_OBJC_IMPLEMENTATIONS = YES;
				CLANG_WARN_DIRECT_OBJC_ISA_USAGE = YES_ERROR;
				CLANG_WARN_DOCUMENTATION_COMMENTS = YES;
				CLANG_WARN_EMPTY_BODY = YES;
				CLANG_WARN_ENUM_CONVERSION = YES;
				CLANG_WARN_INFINITE_RECURSION = YES;
				CLANG_WARN_INT_CONVERSION = YES;
				CLANG_WARN_NON_LITERAL_NULL_CONVERSION = YES;
				CLANG_WARN_OBJC_IMPLICIT_RETAIN_SELF = YES;
				CLANG_WARN_OBJC_LITERAL_CONVERSION = YES;
				CLANG_WARN_OBJC_ROOT_CLASS = YES_ERROR;
				CLANG_WARN_QUOTED_INCLUDE_IN_FRAMEWORK_HEADER = YES;
				CLANG_WARN_RANGE_LOOP_ANALYSIS = YES;
				CLANG_WARN_STRICT_PROTOTYPES = YES;
				CLANG_WARN_SUSPICIOUS_MOVE = YES;
				CLANG_WARN_UNGUARDED_AVAILABILITY = YES_AGGRESSIVE;
				CLANG_WARN_UNREACHABLE_CODE = YES;
				CLANG_WARN__DUPLICATE_METHOD_MATCH = YES;
				COPY_PHASE_STRIP = NO;
				DEBUG_INFORMATION_FORMAT = dwarf;
				ENABLE_STRICT_OBJC_MSGSEND = YES;
				ENABLE_TESTABILITY = YES;
				GCC_C_LANGUAGE_STANDARD = gnu11;
				GCC_DYNAMIC_NO_PIC = NO;
				GCC_NO_COMMON_BLOCKS = YES;
				GCC_OPTIMIZATION_LEVEL = 0;
				GCC_PREPROCESSOR_DEFINITIONS = (
					"DEBUG=1",
					"$(inherited)",
				);
				GCC_WARN_64_TO_32_BIT_CONVERSION = YES;
				GCC_WARN_ABOUT_RETURN_TYPE = YES_ERROR;
				GCC_WARN_UNDECLARED_SELECTOR = YES;
				GCC_WARN_UNINITIALIZED_AUTOS = YES_AGGRESSIVE;
				GCC_WARN_UNUSED_FUNCTION = YES;
				GCC_WARN_UNUSED_VARIABLE = YES;
				IPHONEOS_DEPLOYMENT_TARGET = 15.0;
				MTL_ENABLE_DEBUG_INFO = INCLUDE_SOURCE;
				MTL_FAST_MATH = YES;
				ONLY_ACTIVE_ARCH = YES;
				SDKROOT = iphoneos;
				SWIFT_ACTIVE_COMPILATION_CONDITIONS = DEBUG;
				SWIFT_OPTIMIZATION_LEVEL = "-Onone";
			};
			name = Debug;
		};
		04C7022F270E2AA300FF8A27 /* Release */ = {
			isa = XCBuildConfiguration;
			buildSettings = {
				ALWAYS_SEARCH_USER_PATHS = NO;
				CLANG_ANALYZER_NONNULL = YES;
				CLANG_ANALYZER_NUMBER_OBJECT_CONVERSION = YES_AGGRESSIVE;
				CLANG_CXX_LANGUAGE_STANDARD = "gnu++17";
				CLANG_CXX_LIBRARY = "libc++";
				CLANG_ENABLE_MODULES = YES;
				CLANG_ENABLE_OBJC_ARC = YES;
				CLANG_ENABLE_OBJC_WEAK = YES;
				CLANG_WARN_BLOCK_CAPTURE_AUTORELEASING = YES;
				CLANG_WARN_BOOL_CONVERSION = YES;
				CLANG_WARN_COMMA = YES;
				CLANG_WARN_CONSTANT_CONVERSION = YES;
				CLANG_WARN_DEPRECATED_OBJC_IMPLEMENTATIONS = YES;
				CLANG_WARN_DIRECT_OBJC_ISA_USAGE = YES_ERROR;
				CLANG_WARN_DOCUMENTATION_COMMENTS = YES;
				CLANG_WARN_EMPTY_BODY = YES;
				CLANG_WARN_ENUM_CONVERSION = YES;
				CLANG_WARN_INFINITE_RECURSION = YES;
				CLANG_WARN_INT_CONVERSION = YES;
				CLANG_WARN_NON_LITERAL_NULL_CONVERSION = YES;
				CLANG_WARN_OBJC_IMPLICIT_RETAIN_SELF = YES;
				CLANG_WARN_OBJC_LITERAL_CONVERSION = YES;
				CLANG_WARN_OBJC_ROOT_CLASS = YES_ERROR;
				CLANG_WARN_QUOTED_INCLUDE_IN_FRAMEWORK_HEADER = YES;
				CLANG_WARN_RANGE_LOOP_ANALYSIS = YES;
				CLANG_WARN_STRICT_PROTOTYPES = YES;
				CLANG_WARN_SUSPICIOUS_MOVE = YES;
				CLANG_WARN_UNGUARDED_AVAILABILITY = YES_AGGRESSIVE;
				CLANG_WARN_UNREACHABLE_CODE = YES;
				CLANG_WARN__DUPLICATE_METHOD_MATCH = YES;
				COPY_PHASE_STRIP = NO;
				DEBUG_INFORMATION_FORMAT = "dwarf-with-dsym";
				ENABLE_NS_ASSERTIONS = NO;
				ENABLE_STRICT_OBJC_MSGSEND = YES;
				GCC_C_LANGUAGE_STANDARD = gnu11;
				GCC_NO_COMMON_BLOCKS = YES;
				GCC_WARN_64_TO_32_BIT_CONVERSION = YES;
				GCC_WARN_ABOUT_RETURN_TYPE = YES_ERROR;
				GCC_WARN_UNDECLARED_SELECTOR = YES;
				GCC_WARN_UNINITIALIZED_AUTOS = YES_AGGRESSIVE;
				GCC_WARN_UNUSED_FUNCTION = YES;
				GCC_WARN_UNUSED_VARIABLE = YES;
				IPHONEOS_DEPLOYMENT_TARGET = 15.0;
				MTL_ENABLE_DEBUG_INFO = NO;
				MTL_FAST_MATH = YES;
				SDKROOT = iphoneos;
				SWIFT_COMPILATION_MODE = wholemodule;
				SWIFT_OPTIMIZATION_LEVEL = "-O";
				VALIDATE_PRODUCT = YES;
			};
			name = Release;
		};
		04C70231270E2AA300FF8A27 /* Debug */ = {
			isa = XCBuildConfiguration;
			baseConfigurationReference = 44ECCF059A83E3E6AE630834 /* Pods-AppMusicBF.debug.xcconfig */;
			buildSettings = {
				ASSETCATALOG_COMPILER_APPICON_NAME = AppIcon;
				ASSETCATALOG_COMPILER_GLOBAL_ACCENT_COLOR_NAME = AccentColor;
				CODE_SIGN_STYLE = Automatic;
				CURRENT_PROJECT_VERSION = 1;
				GENERATE_INFOPLIST_FILE = YES;
				INFOPLIST_FILE = AppMusicBF/Info.plist;
				INFOPLIST_KEY_UIApplicationSupportsIndirectInputEvents = YES;
				INFOPLIST_KEY_UILaunchStoryboardName = LaunchScreen;
				INFOPLIST_KEY_UISupportedInterfaceOrientations_iPad = "UIInterfaceOrientationPortrait UIInterfaceOrientationPortraitUpsideDown UIInterfaceOrientationLandscapeLeft UIInterfaceOrientationLandscapeRight";
				INFOPLIST_KEY_UISupportedInterfaceOrientations_iPhone = "UIInterfaceOrientationPortrait UIInterfaceOrientationLandscapeLeft UIInterfaceOrientationLandscapeRight";
				LD_RUNPATH_SEARCH_PATHS = (
					"$(inherited)",
					"@executable_path/Frameworks",
				);
				MARKETING_VERSION = 1.0;
				PRODUCT_BUNDLE_IDENTIFIER = BackFront.AppMusicBF;
				PRODUCT_NAME = "$(TARGET_NAME)";
				SWIFT_EMIT_LOC_STRINGS = YES;
				SWIFT_VERSION = 5.0;
				TARGETED_DEVICE_FAMILY = "1,2";
			};
			name = Debug;
		};
		04C70232270E2AA300FF8A27 /* Release */ = {
			isa = XCBuildConfiguration;
			baseConfigurationReference = 62B7D7BF86D3D21C3A599AF9 /* Pods-AppMusicBF.release.xcconfig */;
			buildSettings = {
				ASSETCATALOG_COMPILER_APPICON_NAME = AppIcon;
				ASSETCATALOG_COMPILER_GLOBAL_ACCENT_COLOR_NAME = AccentColor;
				CODE_SIGN_STYLE = Automatic;
				CURRENT_PROJECT_VERSION = 1;
				GENERATE_INFOPLIST_FILE = YES;
				INFOPLIST_FILE = AppMusicBF/Info.plist;
				INFOPLIST_KEY_UIApplicationSupportsIndirectInputEvents = YES;
				INFOPLIST_KEY_UILaunchStoryboardName = LaunchScreen;
				INFOPLIST_KEY_UISupportedInterfaceOrientations_iPad = "UIInterfaceOrientationPortrait UIInterfaceOrientationPortraitUpsideDown UIInterfaceOrientationLandscapeLeft UIInterfaceOrientationLandscapeRight";
				INFOPLIST_KEY_UISupportedInterfaceOrientations_iPhone = "UIInterfaceOrientationPortrait UIInterfaceOrientationLandscapeLeft UIInterfaceOrientationLandscapeRight";
				LD_RUNPATH_SEARCH_PATHS = (
					"$(inherited)",
					"@executable_path/Frameworks",
				);
				MARKETING_VERSION = 1.0;
				PRODUCT_BUNDLE_IDENTIFIER = BackFront.AppMusicBF;
				PRODUCT_NAME = "$(TARGET_NAME)";
				SWIFT_EMIT_LOC_STRINGS = YES;
				SWIFT_VERSION = 5.0;
				TARGETED_DEVICE_FAMILY = "1,2";
			};
			name = Release;
		};
/* End XCBuildConfiguration section */

/* Begin XCConfigurationList section */
		04C70217270E2A9200FF8A27 /* Build configuration list for PBXProject "AppMusicBF" */ = {
			isa = XCConfigurationList;
			buildConfigurations = (
				04C7022E270E2AA300FF8A27 /* Debug */,
				04C7022F270E2AA300FF8A27 /* Release */,
			);
			defaultConfigurationIsVisible = 0;
			defaultConfigurationName = Release;
		};
		04C70230270E2AA300FF8A27 /* Build configuration list for PBXNativeTarget "AppMusicBF" */ = {
			isa = XCConfigurationList;
			buildConfigurations = (
				04C70231270E2AA300FF8A27 /* Debug */,
				04C70232270E2AA300FF8A27 /* Release */,
			);
			defaultConfigurationIsVisible = 0;
			defaultConfigurationName = Release;
		};
/* End XCConfigurationList section */
	};
	rootObject = 04C70214270E2A9200FF8A27 /* Project object */;
}
